
Microsoft Visual Studio Solution File, Format Version 12.00
# Visual Studio 15
VisualStudioVersion = 15.0.28307.1082
MinimumVisualStudioVersion = 10.0.40219.1
Project("{FAE04EC0-301F-11D3-BF4B-00C04F79EFBC}") = "Project2", "Project2\Project2.csproj", "{892266C0-77DF-48D1-82D4-8810589AA6BF}"
EndProject
Global
	GlobalSection(SolutionConfigurationPlatforms) = preSolution
		Debug|Any CPU = Debug|Any CPU
		Release|Any CPU = Release|Any CPU
	EndGlobalSection
	GlobalSection(ProjectConfigurationPlatforms) = postSolution
		{892266C0-77DF-48D1-82D4-8810589AA6BF}.Debug|Any CPU.ActiveCfg = Debug|Any CPU
		{892266C0-77DF-48D1-82D4-8810589AA6BF}.Debug|Any CPU.Build.0 = Debug|Any CPU
		{892266C0-77DF-48D1-82D4-8810589AA6BF}.Release|Any CPU.ActiveCfg = Release|Any CPU
		{892266C0-77DF-48D1-82D4-8810589AA6BF}.Release|Any CPU.Build.0 = Release|Any CPU
	EndGlobalSection
	GlobalSection(SolutionProperties) = preSolution
		HideSolutionNode = FALSE
	EndGlobalSection
	GlobalSection(ExtensibilityGlobals) = postSolution
		SolutionGuid = {07ED1ED5-3EA3-4F9D-A3C5-EADAC50AC2C1}
	EndGlobalSection
EndGlobal
